# THIS IS AN AUTOGENERATED FILE. DO NOT EDIT THIS FILE DIRECTLY.
# yarn lockfile v1


"@babel/helper-validator-identifier@^7.14.9":
  "integrity" "sha512-pQYxPY0UP6IHISRitNe8bsijHex4TWZXi2HwKVsjPiltzlhse2znVcm9Ace510VT1kxIHjGJCZZQBX2gJDbo0g=="
  "resolved" "https://registry.npmjs.org/@babel/helper-validator-identifier/-/helper-validator-identifier-7.14.9.tgz"
  "version" "7.14.9"

"@babel/parser@^7.15.0":
  "integrity" "sha512-O0L6v/HvqbdJawj0iBEfVQMc3/6WP+AeOsovsIgBFyJaG+W2w7eqvZB7puddATmWuARlm1SX7DwxJ/JJUnDpEA=="
  "resolved" "https://registry.npmjs.org/@babel/parser/-/parser-7.15.3.tgz"
  "version" "7.15.3"

"@babel/types@^7.15.0":
  "integrity" "sha512-OBvfqnllOIdX4ojTHpwZbpvz4j3EWyjkZEdmjH0/cgsd6QOdSgU8rLSk6ard/pcW7rlmjdVSX/AWOaORR1uNOQ=="
  "resolved" "https://registry.npmjs.org/@babel/types/-/types-7.15.0.tgz"
  "version" "7.15.0"
  dependencies:
    "@babel/helper-validator-identifier" "^7.14.9"
    "to-fast-properties" "^2.0.0"

"@types/chart.js@^2.9.29":
  "integrity" "sha512-CtZVk+kh1IN67dv+fB0CWmCLCRrDJgqOj15qPic2B1VCMovNO6B7Vhf/TgPpNscjhAL1j+qUntDMWb9A4ZmPTg=="
  "resolved" "https://registry.npmjs.org/@types/chart.js/-/chart.js-2.9.34.tgz"
  "version" "2.9.34"
  dependencies:
    "moment" "^2.10.2"

"@types/eslint-scope@^3.7.0":
  "integrity" "sha512-SCFeogqiptms4Fg29WpOTk5nHIzfpKCemSN63ksBQYKTcXoJEmJagV+DhVmbapZzY4/5YaOV1nZwrsU79fFm1g=="
  "resolved" "https://registry.npmjs.org/@types/eslint-scope/-/eslint-scope-3.7.1.tgz"
  "version" "3.7.1"
  dependencies:
    "@types/eslint" "*"
    "@types/estree" "*"

"@types/eslint@*":
  "integrity" "sha512-07XlgzX0YJUn4iG1ocY4IX9DzKSmMGUs6ESKlxWhZRaa0fatIWaHWUVapcuGa8r5HFnTqzj+4OCjd5f7EZ/i/A=="
  "resolved" "https://registry.npmjs.org/@types/eslint/-/eslint-7.28.0.tgz"
  "version" "7.28.0"
  dependencies:
    "@types/estree" "*"
    "@types/json-schema" "*"

"@types/estree@*", "@types/estree@^0.0.50":
  "integrity" "sha512-C6N5s2ZFtuZRj54k2/zyRhNDjJwwcViAM3Nbm8zjBpbqAdZ00mr0CFxvSKeO8Y/e03WVFLpQMdHYVfUd6SB+Hw=="
  "resolved" "https://registry.npmjs.org/@types/estree/-/estree-0.0.50.tgz"
  "version" "0.0.50"

"@types/json-schema@*", "@types/json-schema@^7.0.8":
  "integrity" "sha512-qcUXuemtEu+E5wZSJHNxUXeCZhAfXKQ41D+duX+VYPde7xyEVZci+/oXKJL13tnRs9lR2pr4fod59GT6/X1/yQ=="
  "resolved" "https://registry.npmjs.org/@types/json-schema/-/json-schema-7.0.9.tgz"
  "version" "7.0.9"

"@types/node@*":
  "integrity" "sha512-Sr7BhXEAer9xyGuCN3Ek9eg9xPviCF2gfu9kTfuU2HkTVAMYSDeX40fvpmo72n5nansg3nsBjuQBrsS28r+NUw=="
  "resolved" "https://registry.npmjs.org/@types/node/-/node-16.6.1.tgz"
  "version" "16.6.1"

"@vue/compiler-core@3.2.6":
  "integrity" "sha512-vbwnz7+OhtLO5p5i630fTuQCL+MlUpEMTKHuX+RfetQ+3pFCkItt2JUH+9yMaBG2Hkz6av+T9mwN/acvtIwpbw=="
  "resolved" "https://registry.npmjs.org/@vue/compiler-core/-/compiler-core-3.2.6.tgz"
  "version" "3.2.6"
  dependencies:
    "@babel/parser" "^7.15.0"
    "@babel/types" "^7.15.0"
    "@vue/shared" "3.2.6"
    "estree-walker" "^2.0.2"
    "source-map" "^0.6.1"

"@vue/compiler-dom@3.2.6":
  "integrity" "sha512-+a/3oBAzFIXhHt8L5IHJOTP4a5egzvpXYyi13jR7CUYOR1S+Zzv7vBWKYBnKyJLwnrxTZnTQVjeHCgJq743XKg=="
  "resolved" "https://registry.npmjs.org/@vue/compiler-dom/-/compiler-dom-3.2.6.tgz"
  "version" "3.2.6"
  dependencies:
    "@vue/compiler-core" "3.2.6"
    "@vue/shared" "3.2.6"

"@vue/reactivity@3.2.6":
  "integrity" "sha512-8vIDD2wpCnYisNNZjmcIj+Rixn0uhZNY3G1vzlgdVdLygeRSuFjkmnZk6WwvGzUWpKfnG0e/NUySM3mVi59hAA=="
  "resolved" "https://registry.npmjs.org/@vue/reactivity/-/reactivity-3.2.6.tgz"
  "version" "3.2.6"
  dependencies:
    "@vue/shared" "3.2.6"

"@vue/runtime-core@3.2.6":
  "integrity" "sha512-3mqtgpj/YSGFxtvTufSERRApo92B16JNNxz9p+5eG6PPuqTmuRJz214MqhKBEgLEAIQ6R6YCbd83ZDtjQnyw2g=="
  "resolved" "https://registry.npmjs.org/@vue/runtime-core/-/runtime-core-3.2.6.tgz"
  "version" "3.2.6"
  dependencies:
    "@vue/reactivity" "3.2.6"
    "@vue/shared" "3.2.6"

"@vue/runtime-dom@3.2.6":
  "integrity" "sha512-fq33urnP0BNCGm2O3KCzkJlKIHI80C94HJ4qDZbjsTtxyOn5IHqwKSqXVN3RQvO6epcQH+sWS+JNwcNDPzoasg=="
  "resolved" "https://registry.npmjs.org/@vue/runtime-dom/-/runtime-dom-3.2.6.tgz"
  "version" "3.2.6"
  dependencies:
    "@vue/runtime-core" "3.2.6"
    "@vue/shared" "3.2.6"
    "csstype" "^2.6.8"

"@vue/shared@3.2.6":
  "integrity" "sha512-uwX0Qs2e6kdF+WmxwuxJxOnKs/wEkMArtYpHSm7W+VY/23Tl8syMRyjnzEeXrNCAP0/8HZxEGkHJsjPEDNRuHw=="
  "resolved" "https://registry.npmjs.org/@vue/shared/-/shared-3.2.6.tgz"
  "version" "3.2.6"

"@webassemblyjs/ast@1.11.1":
  "integrity" "sha512-ukBh14qFLjxTQNTXocdyksN5QdM28S1CxHt2rdskFyL+xFV7VremuBLVbmCePj+URalXBENx/9Lm7lnhihtCSw=="
  "resolved" "https://registry.npmjs.org/@webassemblyjs/ast/-/ast-1.11.1.tgz"
  "version" "1.11.1"
  dependencies:
    "@webassemblyjs/helper-numbers" "1.11.1"
    "@webassemblyjs/helper-wasm-bytecode" "1.11.1"

"@webassemblyjs/floating-point-hex-parser@1.11.1":
  "integrity" "sha512-iGRfyc5Bq+NnNuX8b5hwBrRjzf0ocrJPI6GWFodBFzmFnyvrQ83SHKhmilCU/8Jv67i4GJZBMhEzltxzcNagtQ=="
  "resolved" "https://registry.npmjs.org/@webassemblyjs/floating-point-hex-parser/-/floating-point-hex-parser-1.11.1.tgz"
  "version" "1.11.1"

"@webassemblyjs/helper-api-error@1.11.1":
  "integrity" "sha512-RlhS8CBCXfRUR/cwo2ho9bkheSXG0+NwooXcc3PAILALf2QLdFyj7KGsKRbVc95hZnhnERon4kW/D3SZpp6Tcg=="
  "resolved" "https://registry.npmjs.org/@webassemblyjs/helper-api-error/-/helper-api-error-1.11.1.tgz"
  "version" "1.11.1"

"@webassemblyjs/helper-buffer@1.11.1":
  "integrity" "sha512-gwikF65aDNeeXa8JxXa2BAk+REjSyhrNC9ZwdT0f8jc4dQQeDQ7G4m0f2QCLPJiMTTO6wfDmRmj/pW0PsUvIcA=="
  "resolved" "https://registry.npmjs.org/@webassemblyjs/helper-buffer/-/helper-buffer-1.11.1.tgz"
  "version" "1.11.1"

"@webassemblyjs/helper-numbers@1.11.1":
  "integrity" "sha512-vDkbxiB8zfnPdNK9Rajcey5C0w+QJugEglN0of+kmO8l7lDb77AnlKYQF7aarZuCrv+l0UvqL+68gSDr3k9LPQ=="
  "resolved" "https://registry.npmjs.org/@webassemblyjs/helper-numbers/-/helper-numbers-1.11.1.tgz"
  "version" "1.11.1"
  dependencies:
    "@webassemblyjs/floating-point-hex-parser" "1.11.1"
    "@webassemblyjs/helper-api-error" "1.11.1"
    "@xtuc/long" "4.2.2"

"@webassemblyjs/helper-wasm-bytecode@1.11.1":
  "integrity" "sha512-PvpoOGiJwXeTrSf/qfudJhwlvDQxFgelbMqtq52WWiXC6Xgg1IREdngmPN3bs4RoO83PnL/nFrxucXj1+BX62Q=="
  "resolved" "https://registry.npmjs.org/@webassemblyjs/helper-wasm-bytecode/-/helper-wasm-bytecode-1.11.1.tgz"
  "version" "1.11.1"

"@webassemblyjs/helper-wasm-section@1.11.1":
  "integrity" "sha512-10P9No29rYX1j7F3EVPX3JvGPQPae+AomuSTPiF9eBQeChHI6iqjMIwR9JmOJXwpnn/oVGDk7I5IlskuMwU/pg=="
  "resolved" "https://registry.npmjs.org/@webassemblyjs/helper-wasm-section/-/helper-wasm-section-1.11.1.tgz"
  "version" "1.11.1"
  dependencies:
    "@webassemblyjs/ast" "1.11.1"
    "@webassemblyjs/helper-buffer" "1.11.1"
    "@webassemblyjs/helper-wasm-bytecode" "1.11.1"
    "@webassemblyjs/wasm-gen" "1.11.1"

"@webassemblyjs/ieee754@1.11.1":
  "integrity" "sha512-hJ87QIPtAMKbFq6CGTkZYJivEwZDbQUgYd3qKSadTNOhVY7p+gfP6Sr0lLRVTaG1JjFj+r3YchoqRYxNH3M0GQ=="
  "resolved" "https://registry.npmjs.org/@webassemblyjs/ieee754/-/ieee754-1.11.1.tgz"
  "version" "1.11.1"
  dependencies:
    "@xtuc/ieee754" "^1.2.0"

"@webassemblyjs/leb128@1.11.1":
  "integrity" "sha512-BJ2P0hNZ0u+Th1YZXJpzW6miwqQUGcIHT1G/sf72gLVD9DZ5AdYTqPNbHZh6K1M5VmKvFXwGSWZADz+qBWxeRw=="
  "resolved" "https://registry.npmjs.org/@webassemblyjs/leb128/-/leb128-1.11.1.tgz"
  "version" "1.11.1"
  dependencies:
    "@xtuc/long" "4.2.2"

"@webassemblyjs/utf8@1.11.1":
  "integrity" "sha512-9kqcxAEdMhiwQkHpkNiorZzqpGrodQQ2IGrHHxCy+Ozng0ofyMA0lTqiLkVs1uzTRejX+/O0EOT7KxqVPuXosQ=="
  "resolved" "https://registry.npmjs.org/@webassemblyjs/utf8/-/utf8-1.11.1.tgz"
  "version" "1.11.1"

"@webassemblyjs/wasm-edit@1.11.1":
  "integrity" "sha512-g+RsupUC1aTHfR8CDgnsVRVZFJqdkFHpsHMfJuWQzWU3tvnLC07UqHICfP+4XyL2tnr1amvl1Sdp06TnYCmVkA=="
  "resolved" "https://registry.npmjs.org/@webassemblyjs/wasm-edit/-/wasm-edit-1.11.1.tgz"
  "version" "1.11.1"
  dependencies:
    "@webassemblyjs/ast" "1.11.1"
    "@webassemblyjs/helper-buffer" "1.11.1"
    "@webassemblyjs/helper-wasm-bytecode" "1.11.1"
    "@webassemblyjs/helper-wasm-section" "1.11.1"
    "@webassemblyjs/wasm-gen" "1.11.1"
    "@webassemblyjs/wasm-opt" "1.11.1"
    "@webassemblyjs/wasm-parser" "1.11.1"
    "@webassemblyjs/wast-printer" "1.11.1"

"@webassemblyjs/wasm-gen@1.11.1":
  "integrity" "sha512-F7QqKXwwNlMmsulj6+O7r4mmtAlCWfO/0HdgOxSklZfQcDu0TpLiD1mRt/zF25Bk59FIjEuGAIyn5ei4yMfLhA=="
  "resolved" "https://registry.npmjs.org/@webassemblyjs/wasm-gen/-/wasm-gen-1.11.1.tgz"
  "version" "1.11.1"
  dependencies:
    "@webassemblyjs/ast" "1.11.1"
    "@webassemblyjs/helper-wasm-bytecode" "1.11.1"
    "@webassemblyjs/ieee754" "1.11.1"
    "@webassemblyjs/leb128" "1.11.1"
    "@webassemblyjs/utf8" "1.11.1"

"@webassemblyjs/wasm-opt@1.11.1":
  "integrity" "sha512-VqnkNqnZlU5EB64pp1l7hdm3hmQw7Vgqa0KF/KCNO9sIpI6Fk6brDEiX+iCOYrvMuBWDws0NkTOxYEb85XQHHw=="
  "resolved" "https://registry.npmjs.org/@webassemblyjs/wasm-opt/-/wasm-opt-1.11.1.tgz"
  "version" "1.11.1"
  dependencies:
    "@webassemblyjs/ast" "1.11.1"
    "@webassemblyjs/helper-buffer" "1.11.1"
    "@webassemblyjs/wasm-gen" "1.11.1"
    "@webassemblyjs/wasm-parser" "1.11.1"

"@webassemblyjs/wasm-parser@1.11.1":
  "integrity" "sha512-rrBujw+dJu32gYB7/Lup6UhdkPx9S9SnobZzRVL7VcBH9Bt9bCBLEuX/YXOOtBsOZ4NQrRykKhffRWHvigQvOA=="
  "resolved" "https://registry.npmjs.org/@webassemblyjs/wasm-parser/-/wasm-parser-1.11.1.tgz"
  "version" "1.11.1"
  dependencies:
    "@webassemblyjs/ast" "1.11.1"
    "@webassemblyjs/helper-api-error" "1.11.1"
    "@webassemblyjs/helper-wasm-bytecode" "1.11.1"
    "@webassemblyjs/ieee754" "1.11.1"
    "@webassemblyjs/leb128" "1.11.1"
    "@webassemblyjs/utf8" "1.11.1"

"@webassemblyjs/wast-printer@1.11.1":
  "integrity" "sha512-IQboUWM4eKzWW+N/jij2sRatKMh99QEelo3Eb2q0qXkvPRISAj8Qxtmw5itwqK+TTkBuUIE45AxYPToqPtL5gg=="
  "resolved" "https://registry.npmjs.org/@webassemblyjs/wast-printer/-/wast-printer-1.11.1.tgz"
  "version" "1.11.1"
  dependencies:
    "@webassemblyjs/ast" "1.11.1"
    "@xtuc/long" "4.2.2"

"@xtuc/ieee754@^1.2.0":
  "integrity" "sha512-DX8nKgqcGwsc0eJSqYt5lwP4DH5FlHnmuWWBRy7X0NcaGR0ZtuyeESgMwTYVEtxmsNGY+qit4QYT/MIYTOTPeA=="
  "resolved" "https://registry.npmjs.org/@xtuc/ieee754/-/ieee754-1.2.0.tgz"
  "version" "1.2.0"

"@xtuc/long@4.2.2":
  "integrity" "sha512-NuHqBY1PB/D8xU6s/thBgOAiAP7HOYDQ32+BFZILJ8ivkUkAHQnWfn6WhL79Owj1qmUnoN/YPhktdIoucipkAQ=="
  "resolved" "https://registry.npmjs.org/@xtuc/long/-/long-4.2.2.tgz"
  "version" "4.2.2"

"acorn-import-assertions@^1.7.6":
  "integrity" "sha512-FlVvVFA1TX6l3lp8VjDnYYq7R1nyW6x3svAt4nDgrWQ9SBaSh9CnbwgSUTasgfNfOG5HlM1ehugCvM+hjo56LA=="
  "resolved" "https://registry.npmjs.org/acorn-import-assertions/-/acorn-import-assertions-1.7.6.tgz"
  "version" "1.7.6"

"acorn@^8", "acorn@^8.4.1":
  "integrity" "sha512-asabaBSkEKosYKMITunzX177CXxQ4Q8BSSzMTKD+FefUhipQC70gfW5SiUDhYQ3vk8G+81HqQk7Fv9OXwwn9KA=="
  "resolved" "https://registry.npmjs.org/acorn/-/acorn-8.4.1.tgz"
  "version" "8.4.1"

"ajv-keywords@^3.5.2":
  "integrity" "sha512-5p6WTN0DdTGVQk6VjcEju19IgaHudalcfabD7yhDGeA6bcQnmL+CpveLJq/3hvfwd1aof6L386Ougkx6RfyMIQ=="
  "resolved" "https://registry.npmjs.org/ajv-keywords/-/ajv-keywords-3.5.2.tgz"
  "version" "3.5.2"

"ajv@^6.12.5", "ajv@^6.9.1":
  "integrity" "sha512-j3fVLgvTo527anyYyJOGTYJbG+vnnQYvE0m5mmkc1TK+nxAppkCLMIL0aZ4dblVCNoGShhm+kzE4ZUykBoMg4g=="
  "resolved" "https://registry.npmjs.org/ajv/-/ajv-6.12.6.tgz"
  "version" "6.12.6"
  dependencies:
    "fast-deep-equal" "^3.1.1"
    "fast-json-stable-stringify" "^2.0.0"
    "json-schema-traverse" "^0.4.1"
    "uri-js" "^4.2.2"

"axios@^0.21.1", "axios@>= 0.20.0":
  "integrity" "sha512-dKQiRHxGD9PPRIUNIWvZhPTPpl1rf/OxTYKsqKUDjBwYylTvV7SjSHJb9ratfyzM6wCdLCOYLzs73qpg5c4iGA=="
  "resolved" "https://registry.npmjs.org/axios/-/axios-0.21.1.tgz"
  "version" "0.21.1"
  dependencies:
    "follow-redirects" "^1.10.0"

"browserslist@^4.14.5":
  "integrity" "sha512-7I4qVwqZltJ7j37wObBe3SoTz+nS8APaNcrBOlgoirb6/HbEU2XxW/LpUDTCngM6iauwFqmRTuOMfyKnFGY5JA=="
  "resolved" "https://registry.npmjs.org/browserslist/-/browserslist-4.16.7.tgz"
  "version" "4.16.7"
  dependencies:
    "caniuse-lite" "^1.0.30001248"
    "colorette" "^1.2.2"
    "electron-to-chromium" "^1.3.793"
    "escalade" "^3.1.1"
    "node-releases" "^1.1.73"

"buffer-crc32@~0.2.3":
  "integrity" "sha1-DTM+PwDqxQqhRUq9MO+MKl2ackI="
  "resolved" "https://registry.npmjs.org/buffer-crc32/-/buffer-crc32-0.2.13.tgz"
  "version" "0.2.13"

"buffer-from@^1.0.0":
  "integrity" "sha512-E+XQCRwSbaaiChtv6k6Dwgc+bx+Bs6vuKJHHl5kox/BaKbhiXzqQOwK4cO22yElGp2OCmjwVhT3HmxgyPGnJfQ=="
  "resolved" "https://registry.npmjs.org/buffer-from/-/buffer-from-1.1.2.tgz"
  "version" "1.1.2"

"caniuse-lite@^1.0.30001248":
  "integrity" "sha512-HOe1r+9VkU4TFmnU70z+r7OLmtR+/chB1rdcJUeQlAinjEeb0cKL20tlAtOagNZhbrtLnCvV19B4FmF1rgzl6A=="
  "resolved" "https://registry.npmjs.org/caniuse-lite/-/caniuse-lite-1.0.30001251.tgz"
  "version" "1.0.30001251"

"chart.js@^2.9.4":
  "integrity" "sha512-B07aAzxcrikjAPyV+01j7BmOpxtQETxTSlQ26BEYJ+3iUkbNKaOJ/nDbT6JjyqYxseM0ON12COHYdU2cTIjC7A=="
  "resolved" "https://registry.npmjs.org/chart.js/-/chart.js-2.9.4.tgz"
  "version" "2.9.4"
  dependencies:
    "chartjs-color" "^2.1.0"
    "moment" "^2.10.2"

"chartjs-color-string@^0.6.0":
  "integrity" "sha512-TIB5OKn1hPJvO7JcteW4WY/63v6KwEdt6udfnDE9iCAZgy+V4SrbSxoIbTw/xkUIapjEI4ExGtD0+6D3KyFd7A=="
  "resolved" "https://registry.npmjs.org/chartjs-color-string/-/chartjs-color-string-0.6.0.tgz"
  "version" "0.6.0"
  dependencies:
    "color-name" "^1.0.0"

"chartjs-color@^2.1.0":
  "integrity" "sha512-haqOg1+Yebys/Ts/9bLo/BqUcONQOdr/hoEr2LLTRl6C5LXctUdHxsCYfvQVg5JIxITrfCNUDr4ntqmQk9+/0w=="
  "resolved" "https://registry.npmjs.org/chartjs-color/-/chartjs-color-2.4.1.tgz"
  "version" "2.4.1"
  dependencies:
    "chartjs-color-string" "^0.6.0"
    "color-convert" "^1.9.3"

"chrome-trace-event@^1.0.2":
  "integrity" "sha512-p3KULyQg4S7NIHixdwbGX+nFHkoBiA4YQmyWtjb8XngSKV124nJmRysgAeujbUVb15vh+RvFUfCPqU7rXk+hZg=="
  "resolved" "https://registry.npmjs.org/chrome-trace-event/-/chrome-trace-event-1.0.3.tgz"
  "version" "1.0.3"

"color-convert@^1.9.3":
  "integrity" "sha512-QfAUtd+vFdAtFQcC8CCyYt1fYWxSqAiK2cSD6zDB8N3cpsEBAvRxp9zOGg6G/SHHJYAT88/az/IuDGALsNVbGg=="
  "resolved" "https://registry.npmjs.org/color-convert/-/color-convert-1.9.3.tgz"
  "version" "1.9.3"
  dependencies:
    "color-name" "1.1.3"

"color-name@^1.0.0":
  "integrity" "sha512-dOy+3AuW3a2wNbZHIuMZpTcgjGuLU/uBL/ubcZF9OXbDo8ff4O8yVp5Bf0efS8uEoYo5q4Fx7dY9OgQGXgAsQA=="
  "resolved" "https://registry.npmjs.org/color-name/-/color-name-1.1.4.tgz"
  "version" "1.1.4"

"color-name@1.1.3":
  "integrity" "sha1-p9BVi9icQveV3UIyj3QIMcpTvCU="
  "resolved" "https://registry.npmjs.org/color-name/-/color-name-1.1.3.tgz"
  "version" "1.1.3"

"colorette@^1.2.2":
  "integrity" "sha512-ecORCqbSFP7Wm8Y6lyqMJjexBQqXSF7SSeaTyGGphogUjBlFP9m9o08wy86HL2uB7fMTxtOUzLMk7ogKcxMg1w=="
  "resolved" "https://registry.npmjs.org/colorette/-/colorette-1.3.0.tgz"
  "version" "1.3.0"

"commander@^2.20.0":
  "integrity" "sha512-GpVkmM8vF2vQUkj2LvZmD35JxeJOLCwJ9cUkugyk2nuhbv3+mJvpLYYt+0+USMxE+oj+ey/lJEnhZw75x/OMcQ=="
  "resolved" "https://registry.npmjs.org/commander/-/commander-2.20.3.tgz"
  "version" "2.20.3"

"core-js@^3.6.5":
  "integrity" "sha512-P0KPukO6OjMpjBtHSceAZEWlDD1M2Cpzpg6dBbrjFqFhBHe/BwhxaP820xKOjRn/lZRQirrCusIpLS/n2sgXLQ=="
  "resolved" "https://registry.npmjs.org/core-js/-/core-js-3.16.2.tgz"
  "version" "3.16.2"

"csstype@^2.6.8":
  "integrity" "sha512-u1wmTI1jJGzCJzWndZo8mk4wnPTZd1eOIYTYvuEyOQGfmDl3TrabCCfKnOC86FZwW/9djqTl933UF/cS425i9A=="
  "resolved" "https://registry.npmjs.org/csstype/-/csstype-2.6.17.tgz"
  "version" "2.6.17"

"date-fns@^2.0.0":
  "integrity" "sha512-5ycpauovVyAk0kXNZz6ZoB9AYMZB4DObse7P3BPWmyEjXNORTI8EJ6X0uaSAq4sCHzM1uajzrkr6HnsLQpxGXA=="
  "resolved" "https://registry.npmjs.org/date-fns/-/date-fns-2.23.0.tgz"
  "version" "2.23.0"

"dayjs@^1.5.24":
  "integrity" "sha512-AztC/IOW4L1Q41A86phW5Thhcrco3xuAA+YX/BLpLWWjRcTj5TOt/QImBLmCKlrF7u7k47arTnOyL6GnbG8Hvw=="
  "resolved" "https://registry.npmjs.org/dayjs/-/dayjs-1.10.6.tgz"
  "version" "1.10.6"

"electron-to-chromium@^1.3.793":
  "integrity" "sha512-AH/otJLAAecgyrYp0XK1DPiGVWcOgwPeJBOLeuFQ5l//vhQhwC9u6d+GijClqJAmsHG4XDue81ndSQPohUu0xA=="
  "resolved" "https://registry.npmjs.org/electron-to-chromium/-/electron-to-chromium-1.3.806.tgz"
  "version" "1.3.806"

"encoding@^0.1.11":
  "integrity" "sha512-ETBauow1T35Y/WZMkio9jiM0Z5xjHHmJ4XmjZOq1l/dXz3lr2sRn87nJy20RupqSh1F2m3HHPSp8ShIPQJrJ3A=="
  "resolved" "https://registry.npmjs.org/encoding/-/encoding-0.1.13.tgz"
  "version" "0.1.13"
  dependencies:
    "iconv-lite" "^0.6.2"

"enhanced-resolve@^5.8.0":
  "integrity" "sha512-F27oB3WuHDzvR2DOGNTaYy0D5o0cnrv8TeI482VM4kYgQd/FT9lUQwuNsJ0oOHtBUq7eiW5ytqzp7nBFknL+GA=="
  "resolved" "https://registry.npmjs.org/enhanced-resolve/-/enhanced-resolve-5.8.2.tgz"
  "version" "5.8.2"
  dependencies:
    "graceful-fs" "^4.2.4"
    "tapable" "^2.2.0"

"es-module-lexer@^0.7.1":
  "integrity" "sha512-MgtWFl5No+4S3TmhDmCz2ObFGm6lEpTnzbQi+Dd+pw4mlTIZTmM2iAs5gRlmx5zS9luzobCSBSI90JM/1/JgOw=="
  "resolved" "https://registry.npmjs.org/es-module-lexer/-/es-module-lexer-0.7.1.tgz"
  "version" "0.7.1"

"escalade@^3.1.1":
  "integrity" "sha512-k0er2gUkLf8O0zKJiAhmkTnJlTvINGv7ygDNPbeIsX/TJjGJZHuh9B2UxbsaEkmlEo9MfhrSzmhIlhRlI2GXnw=="
  "resolved" "https://registry.npmjs.org/escalade/-/escalade-3.1.1.tgz"
  "version" "3.1.1"

"eslint-scope@5.1.1":
  "integrity" "sha512-2NxwbF/hZ0KpepYN0cNbo+FN6XoK7GaHlQhgx/hIZl6Va0bF45RQOOwhLIy8lQDbuCiadSLCBnH2CFYquit5bw=="
  "resolved" "https://registry.npmjs.org/eslint-scope/-/eslint-scope-5.1.1.tgz"
  "version" "5.1.1"
  dependencies:
    "esrecurse" "^4.3.0"
    "estraverse" "^4.1.1"

"esrecurse@^4.3.0":
  "integrity" "sha512-KmfKL3b6G+RXvP8N1vr3Tq1kL/oCFgn2NYXEtqP8/L3pKapUA4G8cFVaoF3SU323CD4XypR/ffioHmkti6/Tag=="
  "resolved" "https://registry.npmjs.org/esrecurse/-/esrecurse-4.3.0.tgz"
  "version" "4.3.0"
  dependencies:
    "estraverse" "^5.2.0"

"estraverse@^4.1.1":
  "integrity" "sha512-39nnKffWz8xN1BU/2c79n9nB9HDzo0niYUqx6xyqUnyoAnQyyWpOTdZEeiCch8BBu515t4wp9ZmgVfVhn9EBpw=="
  "resolved" "https://registry.npmjs.org/estraverse/-/estraverse-4.3.0.tgz"
  "version" "4.3.0"

"estraverse@^5.2.0":
  "integrity" "sha512-BxbNGGNm0RyRYvUdHpIwv9IWzeM9XClbOxwoATuFdOE7ZE6wHL+HQ5T8hoPM+zHvmKzzsEqhgy0GrQ5X13afiQ=="
  "resolved" "https://registry.npmjs.org/estraverse/-/estraverse-5.2.0.tgz"
  "version" "5.2.0"

"estree-walker@^2.0.2":
  "integrity" "sha512-Rfkk/Mp/DL7JVje3u18FxFujQlTNR2q6QfMSMB7AvCBx91NGj/ba3kCfza0f6dVDbw7YlRf/nDrn7pQrCCyQ/w=="
  "resolved" "https://registry.npmjs.org/estree-walker/-/estree-walker-2.0.2.tgz"
  "version" "2.0.2"

"events@^3.2.0":
  "integrity" "sha512-mQw+2fkQbALzQ7V0MY0IqdnXNOeTtP4r0lN9z7AAawCXgqea7bDii20AYrIBrFd/Hx0M2Ocz6S111CaFkUcb0Q=="
  "resolved" "https://registry.npmjs.org/events/-/events-3.3.0.tgz"
  "version" "3.3.0"

"fast-deep-equal@^3.1.1":
  "integrity" "sha512-f3qQ9oQy9j2AhBe/H9VC91wLmKBCCU/gDOnKNAYG5hswO7BLKj09Hc5HYNz9cGI++xlpDCIgDaitVs03ATR84Q=="
  "resolved" "https://registry.npmjs.org/fast-deep-equal/-/fast-deep-equal-3.1.3.tgz"
  "version" "3.1.3"

"fast-json-stable-stringify@^2.0.0":
  "integrity" "sha512-lhd/wF+Lk98HZoTCtlVraHtfh5XYijIjalXck7saUtuanSDyLMxnHhSXEDJqHxD7msR8D0uCmqlkwjCV8xvwHw=="
  "resolved" "https://registry.npmjs.org/fast-json-stable-stringify/-/fast-json-stable-stringify-2.1.0.tgz"
  "version" "2.1.0"

"fd-slicer@~1.1.0":
  "integrity" "sha1-JcfInLH5B3+IkbvmHY85Dq4lbx4="
  "resolved" "https://registry.npmjs.org/fd-slicer/-/fd-slicer-1.1.0.tgz"
  "version" "1.1.0"
  dependencies:
    "pend" "~1.2.0"

"follow-redirects@^1.10.0":
  "integrity" "sha512-HWqDgT7ZEkqRzBvc2s64vSZ/hfOceEol3ac/7tKwzuvEyWx3/4UegXh5oBOIotkGsObyk3xznnSRVADBgWSQVg=="
  "resolved" "https://registry.npmjs.org/follow-redirects/-/follow-redirects-1.14.1.tgz"
  "version" "1.14.1"

"glob-to-regexp@^0.4.1":
  "integrity" "sha512-lkX1HJXwyMcprw/5YUZc2s7DrpAiHB21/V+E1rHUrVNokkvB6bqMzT0VfV6/86ZNabt1k14YOIaT7nDvOX3Iiw=="
  "resolved" "https://registry.npmjs.org/glob-to-regexp/-/glob-to-regexp-0.4.1.tgz"
  "version" "0.4.1"

"google-fonts-webpack-plugin@^0.4.4":
  "integrity" "sha512-+e2D9/DVBG9EDydRovzoqMZ658SsTBGbC0c65GyZqkwNvdj8vRSYQKXqbz7/yt7QaXsCPT1MpH45r3ivWOitcw=="
  "resolved" "https://registry.npmjs.org/google-fonts-webpack-plugin/-/google-fonts-webpack-plugin-0.4.4.tgz"
  "version" "0.4.4"
  dependencies:
    "lodash" "^4.17.4"
    "node-fetch" "^1.6.3"
    "webpack-sources" "^0.2.0"
    "yauzl" "^2.8.0"

"graceful-fs@^4.1.2", "graceful-fs@^4.2.4":
  "integrity" "sha512-qkIilPUYcNhJpd33n0GBXTB1MMPp14TxEsEs0pTrsSVucApsYzW5V+Q8Qxhik6KU3evy+qkAAowTByymK0avdg=="
  "resolved" "https://registry.npmjs.org/graceful-fs/-/graceful-fs-4.2.8.tgz"
  "version" "4.2.8"

"has-flag@^4.0.0":
  "integrity" "sha512-EykJT/Q1KjTWctppgIAgfSO0tKVuZUjhgMr17kqTumMl6Afv3EISleU7qZUzoXDFTAHTDC4NOoG/ZxU3EvlMPQ=="
  "resolved" "https://registry.npmjs.org/has-flag/-/has-flag-4.0.0.tgz"
  "version" "4.0.0"

"iconv-lite@^0.6.2":
  "integrity" "sha512-4fCk79wshMdzMp2rH06qWrJE4iolqLhCUH+OiuIgU++RB0+94NlDL81atO7GX55uUKueo0txHNtvEyI6D7WdMw=="
  "resolved" "https://registry.npmjs.org/iconv-lite/-/iconv-lite-0.6.3.tgz"
  "version" "0.6.3"
  dependencies:
    "safer-buffer" ">= 2.1.2 < 3.0.0"

"is-stream@^1.0.1":
  "integrity" "sha1-EtSj3U5o4Lec6428hBc66A2RykQ="
  "resolved" "https://registry.npmjs.org/is-stream/-/is-stream-1.1.0.tgz"
  "version" "1.1.0"

"jest-worker@^27.0.2":
  "integrity" "sha512-qupxcj/dRuA3xHPMUd40gr2EaAurFbkwzOh7wfPaeE9id7hyjURRQoqNfHifHK3XjJU6YJJUQKILGUnwGPEOCA=="
  "resolved" "https://registry.npmjs.org/jest-worker/-/jest-worker-27.0.6.tgz"
  "version" "27.0.6"
  dependencies:
    "@types/node" "*"
    "merge-stream" "^2.0.0"
    "supports-color" "^8.0.0"

"json-parse-better-errors@^1.0.2":
  "integrity" "sha512-mrqyZKfX5EhL7hvqcV6WG1yYjnjeuYDzDhhcAAUrq8Po85NBQBJP+ZDUT75qZQ98IkUoBqdkExkukOU7Ts2wrw=="
  "resolved" "https://registry.npmjs.org/json-parse-better-errors/-/json-parse-better-errors-1.0.2.tgz"
  "version" "1.0.2"

"json-schema-traverse@^0.4.1":
  "integrity" "sha512-xbbCH5dCYU5T8LcEhhuh7HJ88HXuW3qsI3Y0zOZFKfZEHcpWiHU/Jxzk629Brsab/mMiHQti9wMP+845RPe3Vg=="
  "resolved" "https://registry.npmjs.org/json-schema-traverse/-/json-schema-traverse-0.4.1.tgz"
  "version" "0.4.1"

"loader-runner@^4.2.0":
  "integrity" "sha512-92+huvxMvYlMzMt0iIOukcwYBFpkYJdpl2xsZ7LrlayO7E8SOv+JJUEK17B/dJIHAOLMfh2dZZ/Y18WgmGtYNw=="
  "resolved" "https://registry.npmjs.org/loader-runner/-/loader-runner-4.2.0.tgz"
  "version" "4.2.0"

"lodash@^4.17.4":
  "integrity" "sha512-v2kDEe57lecTulaDIuNTPy3Ry4gLGJ6Z1O3vE1krgXZNrsQ+LFTGHVxVjcXPs17LhbZVGedAJv8XZ1tvj5FvSg=="
  "resolved" "https://registry.npmjs.org/lodash/-/lodash-4.17.21.tgz"
  "version" "4.17.21"

"merge-stream@^2.0.0":
  "integrity" "sha512-abv/qOcuPfk3URPfDzmZU1LKmuw8kT+0nIHvKrKgFrwifol/doWcdA4ZqsWQ8ENrFKkd67Mfpo/LovbIUsbt3w=="
  "resolved" "https://registry.npmjs.org/merge-stream/-/merge-stream-2.0.0.tgz"
  "version" "2.0.0"

"mime-db@1.49.0":
  "integrity" "sha512-CIc8j9URtOVApSFCQIF+VBkX1RwXp/oMMOrqdyXSBXq5RWNEsRfyj1kiRnQgmNXmHxPoFIxOroKA3zcU9P+nAA=="
  "resolved" "https://registry.npmjs.org/mime-db/-/mime-db-1.49.0.tgz"
  "version" "1.49.0"

"mime-types@^2.1.27":
  "integrity" "sha512-hJGaVS4G4c9TSMYh2n6SQAGrC4RnfU+daP8G7cSCmaqNjiOoUY0VHCMS42pxnQmVF1GWwFhbHWn3RIxCqTmZ9A=="
  "resolved" "https://registry.npmjs.org/mime-types/-/mime-types-2.1.32.tgz"
  "version" "2.1.32"
  dependencies:
    "mime-db" "1.49.0"

"moment@^2.10.2":
  "integrity" "sha512-kHmoybcPV8Sqy59DwNDY3Jefr64lK/by/da0ViFcuA4DH0vQg5Q6Ze5VimxkfQNSC+Mls/Kx53s7TjP1RhFEDQ=="
  "resolved" "https://registry.npmjs.org/moment/-/moment-2.29.1.tgz"
  "version" "2.29.1"

"neo-async@^2.6.2":
  "integrity" "sha512-Yd3UES5mWCSqR+qNT93S3UoYUkqAZ9lLg8a7g9rimsWmYGK8cVToA4/sF3RrshdyV3sAGMXVUmpMYOw+dLpOuw=="
  "resolved" "https://registry.npmjs.org/neo-async/-/neo-async-2.6.2.tgz"
  "version" "2.6.2"

"node-fetch@^1.6.3":
  "integrity" "sha512-NhZ4CsKx7cYm2vSrBAr2PvFOe6sWDf0UYLRqA6svUYg7+/TSfVAu49jYC4BvQ4Sms9SZgdqGBgroqfDhJdTyKQ=="
  "resolved" "https://registry.npmjs.org/node-fetch/-/node-fetch-1.7.3.tgz"
  "version" "1.7.3"
  dependencies:
    "encoding" "^0.1.11"
    "is-stream" "^1.0.1"

"node-releases@^1.1.73":
  "integrity" "sha512-caJBVempXZPepZoZAPCWRTNxYQ+xtG/KAi4ozTA5A+nJ7IU+kLQCbqaUjb5Rwy14M9upBWiQ4NutcmW04LJSRw=="
  "resolved" "https://registry.npmjs.org/node-releases/-/node-releases-1.1.74.tgz"
  "version" "1.1.74"

"p-limit@^3.1.0":
  "integrity" "sha512-TYOanM3wGwNGsZN2cVTYPArw454xnXj5qmWF1bEoAc4+cU/ol7GVh7odevjp1FNHduHc3KZMcFduxU5Xc6uJRQ=="
  "resolved" "https://registry.npmjs.org/p-limit/-/p-limit-3.1.0.tgz"
  "version" "3.1.0"
  dependencies:
    "yocto-queue" "^0.1.0"

"pend@~1.2.0":
  "integrity" "sha1-elfrVQpng/kRUzH89GY9XI4AelA="
  "resolved" "https://registry.npmjs.org/pend/-/pend-1.2.0.tgz"
  "version" "1.2.0"

"prettier@^2.2.1":
  "integrity" "sha512-lnJzDfJ66zkMy58OL5/NY5zp70S7Nz6KqcKkXYzn2tMVrNxvbqaBpg7H3qHaLxCJ5lNMsGuM8+ohS7cZrthdLQ=="
  "resolved" "https://registry.npmjs.org/prettier/-/prettier-2.3.2.tgz"
  "version" "2.3.2"

"punycode@^2.1.0":
  "integrity" "sha512-XRsRjdf+j5ml+y/6GKHPZbrF/8p2Yga0JPtdqTIY2Xe5ohJPD9saDJJLPvp9+NSBprVvevdXZybnj2cv8OEd0A=="
  "resolved" "https://registry.npmjs.org/punycode/-/punycode-2.1.1.tgz"
  "version" "2.1.1"

"randombytes@^2.1.0":
  "integrity" "sha512-vYl3iOX+4CKUWuxGi9Ukhie6fsqXqS9FE2Zaic4tNFD2N2QQaXOMFbuKK4QmDHC0JO6B1Zp41J0LpT0oR68amQ=="
  "resolved" "https://registry.npmjs.org/randombytes/-/randombytes-2.1.0.tgz"
  "version" "2.1.0"
  dependencies:
    "safe-buffer" "^5.1.0"

"safe-buffer@^5.1.0":
  "integrity" "sha512-rp3So07KcdmmKbGvgaNxQSJr7bGVSVk5S9Eq1F+ppbRo70+YeaDxkw5Dd8NPN+GD6bjnYm2VuPuCXmpuYvmCXQ=="
  "resolved" "https://registry.npmjs.org/safe-buffer/-/safe-buffer-5.2.1.tgz"
  "version" "5.2.1"

"safer-buffer@>= 2.1.2 < 3.0.0":
  "integrity" "sha512-YZo3K82SD7Riyi0E1EQPojLz7kpepnSQI9IyPbHHg1XXXevb5dJI7tpyN2ADxGcQbHG7vcyRHk0cbwqcQriUtg=="
  "resolved" "https://registry.npmjs.org/safer-buffer/-/safer-buffer-2.1.2.tgz"
  "version" "2.1.2"

"schema-utils@^3.0.0", "schema-utils@^3.1.0":
  "integrity" "sha512-Y5PQxS4ITlC+EahLuXaY86TXfR7Dc5lw294alXOq86JAHCihAIZfqv8nNCWvaEJvaC51uN9hbLGeV0cFBdH+Fw=="
  "resolved" "https://registry.npmjs.org/schema-utils/-/schema-utils-3.1.1.tgz"
  "version" "3.1.1"
  dependencies:
    "@types/json-schema" "^7.0.8"
    "ajv" "^6.12.5"
    "ajv-keywords" "^3.5.2"

"serialize-javascript@^6.0.0":
  "integrity" "sha512-Qr3TosvguFt8ePWqsvRfrKyQXIiW+nGbYpy8XK24NQHE83caxWt+mIymTT19DGFbNWNLfEwsrkSmN64lVWB9ag=="
  "resolved" "https://registry.npmjs.org/serialize-javascript/-/serialize-javascript-6.0.0.tgz"
  "version" "6.0.0"
  dependencies:
    "randombytes" "^2.1.0"

"source-list-map@^1.1.1":
  "integrity" "sha1-mIkBnRAkzOVc3AaUmDN+9hhqEaE="
  "resolved" "https://registry.npmjs.org/source-list-map/-/source-list-map-1.1.2.tgz"
  "version" "1.1.2"

"source-map-support@~0.5.19":
  "integrity" "sha512-Wonm7zOCIJzBGQdB+thsPar0kYuCIzYvxZwlBa87yi/Mdjv7Tip2cyVbLj5o0cFPN4EVkuTwb3GDDyUx2DGnGw=="
  "resolved" "https://registry.npmjs.org/source-map-support/-/source-map-support-0.5.19.tgz"
  "version" "0.5.19"
  dependencies:
    "buffer-from" "^1.0.0"
    "source-map" "^0.6.0"

"source-map@^0.6.0", "source-map@^0.6.1":
  "integrity" "sha512-UjgapumWlbMhkBgzT7Ykc5YXUT46F0iKu8SGXq0bcwP5dz/h0Plj6enJqjz1Zbq2l5WaqYnrVbwWOWMyF3F47g=="
  "resolved" "https://registry.npmjs.org/source-map/-/source-map-0.6.1.tgz"
  "version" "0.6.1"

"source-map@~0.5.3":
  "integrity" "sha1-igOdLRAh0i0eoUyA2OpGi6LvP8w="
  "resolved" "https://registry.npmjs.org/source-map/-/source-map-0.5.7.tgz"
  "version" "0.5.7"

"source-map@~0.7.2":
  "integrity" "sha512-CkCj6giN3S+n9qrYiBTX5gystlENnRW5jZeNLHpe6aue+SrHcG5VYwujhW9s4dY31mEGsxBDrHR6oI69fTXsaQ=="
  "resolved" "https://registry.npmjs.org/source-map/-/source-map-0.7.3.tgz"
  "version" "0.7.3"

"supports-color@^8.0.0":
  "integrity" "sha512-MpUEN2OodtUzxvKQl72cUF7RQ5EiHsGvSsVG0ia9c5RbWGL2CI4C7EpPS8UTBIplnlzZiNuV56w+FuNxy3ty2Q=="
  "resolved" "https://registry.npmjs.org/supports-color/-/supports-color-8.1.1.tgz"
  "version" "8.1.1"
  dependencies:
    "has-flag" "^4.0.0"

"tapable@^2.1.1", "tapable@^2.2.0":
  "integrity" "sha512-FBk4IesMV1rBxX2tfiK8RAmogtWn53puLOQlvO8XuwlgxcYbP4mVPS9Ph4aeamSyyVjOl24aYWAuc8U5kCVwMw=="
  "resolved" "https://registry.npmjs.org/tapable/-/tapable-2.2.0.tgz"
  "version" "2.2.0"

"terser-webpack-plugin@^5.1.3":
  "integrity" "sha512-C2WkFwstHDhVEmsmlCxrXUtVklS+Ir1A7twrYzrDrQQOIMOaVAYykaoo/Aq1K0QRkMoY2hhvDQY1cm4jnIMFwA=="
  "resolved" "https://registry.npmjs.org/terser-webpack-plugin/-/terser-webpack-plugin-5.1.4.tgz"
  "version" "5.1.4"
  dependencies:
    "jest-worker" "^27.0.2"
    "p-limit" "^3.1.0"
    "schema-utils" "^3.0.0"
    "serialize-javascript" "^6.0.0"
    "source-map" "^0.6.1"
    "terser" "^5.7.0"

"terser@^5.7.0":
  "integrity" "sha512-b3e+d5JbHAe/JSjwsC3Zn55wsBIM7AsHLjKxT31kGCldgbpFePaFo+PiddtO6uwRZWRw7sPXmAN8dTW61xmnSg=="
  "resolved" "https://registry.npmjs.org/terser/-/terser-5.7.1.tgz"
  "version" "5.7.1"
  dependencies:
    "commander" "^2.20.0"
    "source-map" "~0.7.2"
    "source-map-support" "~0.5.19"

"to-fast-properties@^2.0.0":
  "integrity" "sha1-3F5pjL0HkmW8c+A3doGk5Og/YW4="
  "resolved" "https://registry.npmjs.org/to-fast-properties/-/to-fast-properties-2.0.0.tgz"
  "version" "2.0.0"

"uri-js@^4.2.2":
  "integrity" "sha512-7rKUyy33Q1yc98pQ1DAmLtwX109F7TIfWlW1Ydo8Wl1ii1SeHieeh0HHfPeL2fMXK6z0s8ecKs9frCuLJvndBg=="
  "resolved" "https://registry.npmjs.org/uri-js/-/uri-js-4.4.1.tgz"
  "version" "4.4.1"
  dependencies:
    "punycode" "^2.1.0"

"vue-axios@^3.2.5":
  "integrity" "sha512-V7XUzu0v3WOzd8PEF9m/ZoVivap+ToBPOXrhI8AsnczD93YXvGG+HkeQhJHAF/jeav8CsPDF3X/Z2vCqBbjsMQ=="
  "resolved" "https://registry.npmjs.org/vue-axios/-/vue-axios-3.2.5.tgz"
  "version" "3.2.5"

"vue-date-fns@^2.0.1":
  "integrity" "sha512-j2G97bVOKO0mVfFEnzCu5dQU0dgD8jLAAVU0dGRDqxZzzNXqep7d3WEGuuJ6mNOP5PM7GE+UqpKYfkL/LNmDKQ=="
  "resolved" "https://registry.npmjs.org/vue-date-fns/-/vue-date-fns-2.0.1.tgz"
  "version" "2.0.1"
  dependencies:
    "date-fns" "^2.0.0"

"vue-dayjs@^1.0.2":
  "integrity" "sha512-rYvbpjZ6ZZ2MyQPpyltQmPBqd4+2RRfcFZb5/Fa6VsmBCmeSXTl6RHrHSOY72y5NJOrrxTpBg6VnP556gNSU7w=="
  "resolved" "https://registry.npmjs.org/vue-dayjs/-/vue-dayjs-1.0.2.tgz"
  "version" "1.0.2"
  dependencies:
    "dayjs" "^1.5.24"

"vue@^ 3.0.0 || ^ 2.0.0", "vue@^3.0.0":
  "integrity" "sha512-Zlb3LMemQS3Xxa6xPsecu45bNjr1hxO8Bh5FUmE0Dr6Ot0znZBKiM47rK6O7FTcakxOnvVN+NTXWJF6u8ajpCQ=="
  "resolved" "https://registry.npmjs.org/vue/-/vue-3.2.6.tgz"
  "version" "3.2.6"
  dependencies:
    "@vue/compiler-dom" "3.2.6"
    "@vue/runtime-dom" "3.2.6"
    "@vue/shared" "3.2.6"

"vue3-chart-v2@^0.8.2":
  "integrity" "sha512-J+v3Q0ayYyWstPY1zOmdx6l/wkHT63Kzrp5X5PNNXrSUoJT8p608danWIJtncpWhuJB8qQ3t2/jWsg4WF8qJjg=="
  "resolved" "https://registry.npmjs.org/vue3-chart-v2/-/vue3-chart-v2-0.8.2.tgz"
  "version" "0.8.2"
  dependencies:
    "@types/chart.js" "^2.9.29"
    "chart.js" "^2.9.4"
    "core-js" "^3.6.5"
    "prettier" "^2.2.1"
    "vue" "^3.0.0"

"watchpack@^2.2.0":
  "integrity" "sha512-up4YAn/XHgZHIxFBVCdlMiWDj6WaLKpwVeGQk2I5thdYxF/KmF0aaz6TfJZ/hfl1h/XlcDr7k1KH7ThDagpFaA=="
  "resolved" "https://registry.npmjs.org/watchpack/-/watchpack-2.2.0.tgz"
  "version" "2.2.0"
  dependencies:
    "glob-to-regexp" "^0.4.1"
    "graceful-fs" "^4.1.2"

"webpack-sources@^0.2.0":
  "integrity" "sha1-F8Yr+vE8cH+dAsR54Nzd6DgGl/s="
  "resolved" "https://registry.npmjs.org/webpack-sources/-/webpack-sources-0.2.3.tgz"
  "version" "0.2.3"
  dependencies:
    "source-list-map" "^1.1.1"
    "source-map" "~0.5.3"

"webpack-sources@^3.2.0":
  "integrity" "sha512-fahN08Et7P9trej8xz/Z7eRu8ltyiygEo/hnRi9KqBUs80KeDcnf96ZJo++ewWd84fEf3xSX9bp4ZS9hbw0OBw=="
  "resolved" "https://registry.npmjs.org/webpack-sources/-/webpack-sources-3.2.0.tgz"
  "version" "3.2.0"

"webpack@^5.1.0", "webpack@>=2.2.0":
  "integrity" "sha512-hqxI7t/KVygs0WRv/kTgUW8Kl3YC81uyWQSo/7WUs5LsuRw0htH/fCwbVBGCuiX/t4s7qzjXFcf41O8Reiypag=="
  "resolved" "https://registry.npmjs.org/webpack/-/webpack-5.50.0.tgz"
  "version" "5.50.0"
  dependencies:
    "@types/eslint-scope" "^3.7.0"
    "@types/estree" "^0.0.50"
    "@webassemblyjs/ast" "1.11.1"
    "@webassemblyjs/wasm-edit" "1.11.1"
    "@webassemblyjs/wasm-parser" "1.11.1"
    "acorn" "^8.4.1"
    "acorn-import-assertions" "^1.7.6"
    "browserslist" "^4.14.5"
    "chrome-trace-event" "^1.0.2"
    "enhanced-resolve" "^5.8.0"
    "es-module-lexer" "^0.7.1"
    "eslint-scope" "5.1.1"
    "events" "^3.2.0"
    "glob-to-regexp" "^0.4.1"
    "graceful-fs" "^4.2.4"
    "json-parse-better-errors" "^1.0.2"
    "loader-runner" "^4.2.0"
    "mime-types" "^2.1.27"
    "neo-async" "^2.6.2"
    "schema-utils" "^3.1.0"
    "tapable" "^2.1.1"
    "terser-webpack-plugin" "^5.1.3"
    "watchpack" "^2.2.0"
    "webpack-sources" "^3.2.0"

"yauzl@^2.8.0":
  "integrity" "sha1-x+sXyT4RLLEIb6bY5R+wZnt5pfk="
  "resolved" "https://registry.npmjs.org/yauzl/-/yauzl-2.10.0.tgz"
  "version" "2.10.0"
  dependencies:
    "buffer-crc32" "~0.2.3"
    "fd-slicer" "~1.1.0"

"yocto-queue@^0.1.0":
  "integrity" "sha512-rVksvsnNCdJ/ohGc6xgPwyN8eheCxsiLM8mxuE/t/mOVqJewPuO1miLpTHQiRgTKCLexL4MeAFVagts7HmNZ2Q=="
  "resolved" "https://registry.npmjs.org/yocto-queue/-/yocto-queue-0.1.0.tgz"
  "version" "0.1.0"
